
Microsoft Visual Studio Solution File, Format Version 12.00
# Visual Studio Version 17
VisualStudioVersion = 17.6.33815.320
MinimumVisualStudioVersion = 10.0.40219.1
Project("{2150E333-8FDC-42A3-9474-1A3956D46DE8}") = "src", "src", "{40FBBEE6-A8E7-4089-BB45-1BDBF93BD042}"
EndProject
Project("{FAE04EC0-301F-11D3-BF4B-00C04F79EFBC}") = "ConsultorioApp.API", "src\ConsultorioApp.API\ConsultorioApp.API.csproj", "{D320F0D5-FB49-4864-B927-A2BBCD8F2660}"
EndProject
Project("{FAE04EC0-301F-11D3-BF4B-00C04F79EFBC}") = "ConsultorioApp.Manager", "src\ConsultorioApp.Manager\ConsultorioApp.Manager.csproj", "{00A5034A-25EC-4BE3-9FDB-F02B67C6C15D}"
EndProject
Project("{FAE04EC0-301F-11D3-BF4B-00C04F79EFBC}") = "ConsultorioApp.Data", "src\ConsultorioApp.Data\ConsultorioApp.Data.csproj", "{E0CECA12-B52B-488F-AA52-AD3B736977B7}"
EndProject
Project("{FAE04EC0-301F-11D3-BF4B-00C04F79EFBC}") = "ConsultorioApp.Core", "src\ConsultorioApp.Core\ConsultorioApp.Core.csproj", "{03102DFA-EC04-4E2E-83B5-289F8D150CD4}"
EndProject
Project("{2150E333-8FDC-42A3-9474-1A3956D46DE8}") = "tests", "tests", "{902E283C-F7B2-487D-925E-5538AA6A0B16}"
EndProject
Project("{FAE04EC0-301F-11D3-BF4B-00C04F79EFBC}") = "ConsultorioApp.Tests", "tests\ConsultorioApp.Tests\ConsultorioApp.Tests.csproj", "{7603C06B-9BDC-4CA4-A602-D322D5285222}"
EndProject
Global
	GlobalSection(SolutionConfigurationPlatforms) = preSolution
		Debug|Any CPU = Debug|Any CPU
		Release|Any CPU = Release|Any CPU
	EndGlobalSection
	GlobalSection(ProjectConfigurationPlatforms) = postSolution
		{D320F0D5-FB49-4864-B927-A2BBCD8F2660}.Debug|Any CPU.ActiveCfg = Debug|Any CPU
		{D320F0D5-FB49-4864-B927-A2BBCD8F2660}.Debug|Any CPU.Build.0 = Debug|Any CPU
		{D320F0D5-FB49-4864-B927-A2BBCD8F2660}.Release|Any CPU.ActiveCfg = Release|Any CPU
		{D320F0D5-FB49-4864-B927-A2BBCD8F2660}.Release|Any CPU.Build.0 = Release|Any CPU
		{00A5034A-25EC-4BE3-9FDB-F02B67C6C15D}.Debug|Any CPU.ActiveCfg = Debug|Any CPU
		{00A5034A-25EC-4BE3-9FDB-F02B67C6C15D}.Debug|Any CPU.Build.0 = Debug|Any CPU
		{00A5034A-25EC-4BE3-9FDB-F02B67C6C15D}.Release|Any CPU.ActiveCfg = Release|Any CPU
		{00A5034A-25EC-4BE3-9FDB-F02B67C6C15D}.Release|Any CPU.Build.0 = Release|Any CPU
		{E0CECA12-B52B-488F-AA52-AD3B736977B7}.Debug|Any CPU.ActiveCfg = Debug|Any CPU
		{E0CECA12-B52B-488F-AA52-AD3B736977B7}.Debug|Any CPU.Build.0 = Debug|Any CPU
		{E0CECA12-B52B-488F-AA52-AD3B736977B7}.Release|Any CPU.ActiveCfg = Release|Any CPU
		{E0CECA12-B52B-488F-AA52-AD3B736977B7}.Release|Any CPU.Build.0 = Release|Any CPU
		{03102DFA-EC04-4E2E-83B5-289F8D150CD4}.Debug|Any CPU.ActiveCfg = Debug|Any CPU
		{03102DFA-EC04-4E2E-83B5-289F8D150CD4}.Debug|Any CPU.Build.0 = Debug|Any CPU
		{03102DFA-EC04-4E2E-83B5-289F8D150CD4}.Release|Any CPU.ActiveCfg = Release|Any CPU
		{03102DFA-EC04-4E2E-83B5-289F8D150CD4}.Release|Any CPU.Build.0 = Release|Any CPU
		{7603C06B-9BDC-4CA4-A602-D322D5285222}.Debug|Any CPU.ActiveCfg = Debug|Any CPU
		{7603C06B-9BDC-4CA4-A602-D322D5285222}.Debug|Any CPU.Build.0 = Debug|Any CPU
		{7603C06B-9BDC-4CA4-A602-D322D5285222}.Release|Any CPU.ActiveCfg = Release|Any CPU
		{7603C06B-9BDC-4CA4-A602-D322D5285222}.Release|Any CPU.Build.0 = Release|Any CPU
	EndGlobalSection
	GlobalSection(SolutionProperties) = preSolution
		HideSolutionNode = FALSE
	EndGlobalSection
	GlobalSection(NestedProjects) = preSolution
		{D320F0D5-FB49-4864-B927-A2BBCD8F2660} = {40FBBEE6-A8E7-4089-BB45-1BDBF93BD042}
		{00A5034A-25EC-4BE3-9FDB-F02B67C6C15D} = {40FBBEE6-A8E7-4089-BB45-1BDBF93BD042}
		{E0CECA12-B52B-488F-AA52-AD3B736977B7} = {40FBBEE6-A8E7-4089-BB45-1BDBF93BD042}
		{03102DFA-EC04-4E2E-83B5-289F8D150CD4} = {40FBBEE6-A8E7-4089-BB45-1BDBF93BD042}
		{7603C06B-9BDC-4CA4-A602-D322D5285222} = {902E283C-F7B2-487D-925E-5538AA6A0B16}
	EndGlobalSection
	GlobalSection(ExtensibilityGlobals) = postSolution
		SolutionGuid = {E3E01C85-4501-4F66-BCD5-47358B42C1FC}
	EndGlobalSection
EndGlobal
